
Microsoft Visual Studio Solution File, Format Version 12.00
# Visual Studio Version 17
VisualStudioVersion = 17.10.35122.118
MinimumVisualStudioVersion = 10.0.40219.1
Project("{FAE04EC0-301F-11D3-BF4B-00C04F79EFBC}") = "DivarClone", "DivarClone.csproj", "{B9A29232-8038-4B1C-BEDC-74A843A712C1}"
EndProject
Global
	GlobalSection(SolutionConfigurationPlatforms) = preSolution
		Debug|Any CPU = Debug|Any CPU
		Release|Any CPU = Release|Any CPU
	EndGlobalSection
	GlobalSection(ProjectConfigurationPlatforms) = postSolution
		{B9A29232-8038-4B1C-BEDC-74A843A712C1}.Debug|Any CPU.ActiveCfg = Debug|Any CPU
		{B9A29232-8038-4B1C-BEDC-74A843A712C1}.Debug|Any CPU.Build.0 = Debug|Any CPU
		{B9A29232-8038-4B1C-BEDC-74A843A712C1}.Release|Any CPU.ActiveCfg = Release|Any CPU
		{B9A29232-8038-4B1C-BEDC-74A843A712C1}.Release|Any CPU.Build.0 = Release|Any CPU
	EndGlobalSection
	GlobalSection(SolutionProperties) = preSolution
		HideSolutionNode = FALSE
	EndGlobalSection
	GlobalSection(ExtensibilityGlobals) = postSolution
		SolutionGuid = {5176ABF5-EEE8-4C81-B07C-43058FBAD667}
	EndGlobalSection
EndGlobal
